
Microsoft Visual Studio Solution File, Format Version 12.00
# Visual Studio Version 16
VisualStudioVersion = 16.0.29905.134
MinimumVisualStudioVersion = 10.0.40219.1
Project("{FAE04EC0-301F-11D3-BF4B-00C04F79EFBC}") = "rssnews", "rssnews\rssnews.csproj", "{F065120D-19A6-418F-8BE3-896224D79FB8}"
EndProject
Global
	GlobalSection(SolutionConfigurationPlatforms) = preSolution
		Debug|Any CPU = Debug|Any CPU
		Release|Any CPU = Release|Any CPU
	EndGlobalSection
	GlobalSection(ProjectConfigurationPlatforms) = postSolution
		{F065120D-19A6-418F-8BE3-896224D79FB8}.Debug|Any CPU.ActiveCfg = Debug|Any CPU
		{F065120D-19A6-418F-8BE3-896224D79FB8}.Debug|Any CPU.Build.0 = Debug|Any CPU
		{F065120D-19A6-418F-8BE3-896224D79FB8}.Release|Any CPU.ActiveCfg = Release|Any CPU
		{F065120D-19A6-418F-8BE3-896224D79FB8}.Release|Any CPU.Build.0 = Release|Any CPU
	EndGlobalSection
	GlobalSection(SolutionProperties) = preSolution
		HideSolutionNode = FALSE
	EndGlobalSection
	GlobalSection(ExtensibilityGlobals) = postSolution
		SolutionGuid = {96B13B26-71BC-4A30-8894-098679388AAA}
	EndGlobalSection
EndGlobal
