
Microsoft Visual Studio Solution File, Format Version 12.00
# Visual Studio Version 16
VisualStudioVersion = 16.0.29905.134
MinimumVisualStudioVersion = 10.0.40219.1
Project("{9A19103F-16F7-4668-BE54-9A1E7A4F7556}") = "rssnews", "rssnews\rssnews.csproj", "{F065120D-19A6-418F-8BE3-896224D79FB8}"
EndProject
Project("{9A19103F-16F7-4668-BE54-9A1E7A4F7556}") = "UnitTests", "UnitTests\UnitTests.csproj", "{118F6108-92D5-4EA0-8594-01CFA1FA5DCE}"
EndProject
Global
	GlobalSection(SolutionConfigurationPlatforms) = preSolution
		Debug|Any CPU = Debug|Any CPU
		Release|Any CPU = Release|Any CPU
	EndGlobalSection
	GlobalSection(ProjectConfigurationPlatforms) = postSolution
		{F065120D-19A6-418F-8BE3-896224D79FB8}.Debug|Any CPU.ActiveCfg = Debug|Any CPU
		{F065120D-19A6-418F-8BE3-896224D79FB8}.Debug|Any CPU.Build.0 = Debug|Any CPU
		{F065120D-19A6-418F-8BE3-896224D79FB8}.Release|Any CPU.ActiveCfg = Release|Any CPU
		{F065120D-19A6-418F-8BE3-896224D79FB8}.Release|Any CPU.Build.0 = Release|Any CPU
		{118F6108-92D5-4EA0-8594-01CFA1FA5DCE}.Debug|Any CPU.ActiveCfg = Debug|Any CPU
		{118F6108-92D5-4EA0-8594-01CFA1FA5DCE}.Debug|Any CPU.Build.0 = Debug|Any CPU
		{118F6108-92D5-4EA0-8594-01CFA1FA5DCE}.Release|Any CPU.ActiveCfg = Release|Any CPU
		{118F6108-92D5-4EA0-8594-01CFA1FA5DCE}.Release|Any CPU.Build.0 = Release|Any CPU
	EndGlobalSection
	GlobalSection(SolutionProperties) = preSolution
		HideSolutionNode = FALSE
	EndGlobalSection
	GlobalSection(ExtensibilityGlobals) = postSolution
		SolutionGuid = {96B13B26-71BC-4A30-8894-098679388AAA}
	EndGlobalSection
EndGlobal
